
Microsoft Visual Studio Solution File, Format Version 12.00
# Visual Studio Version 16
VisualStudioVersion = 16.0.29519.181
MinimumVisualStudioVersion = 10.0.40219.1
Project("{8BC9CEB8-8B4A-11D0-8D11-00A0C91BC942}") = "PA8", "PA8.vcxproj", "{BD924866-A76B-42F2-B1DD-B19A70D1789E}"
EndProject
Global
	GlobalSection(SolutionConfigurationPlatforms) = preSolution
		Debug|x64 = Debug|x64
		Debug|x86 = Debug|x86
		Release|x64 = Release|x64
		Release|x86 = Release|x86
	EndGlobalSection
	GlobalSection(ProjectConfigurationPlatforms) = postSolution
		{BD924866-A76B-42F2-B1DD-B19A70D1789E}.Debug|x64.ActiveCfg = Debug|x64
		{BD924866-A76B-42F2-B1DD-B19A70D1789E}.Debug|x64.Build.0 = Debug|x64
		{BD924866-A76B-42F2-B1DD-B19A70D1789E}.Debug|x86.ActiveCfg = Debug|Win32
		{BD924866-A76B-42F2-B1DD-B19A70D1789E}.Debug|x86.Build.0 = Debug|Win32
		{BD924866-A76B-42F2-B1DD-B19A70D1789E}.Release|x64.ActiveCfg = Release|x64
		{BD924866-A76B-42F2-B1DD-B19A70D1789E}.Release|x64.Build.0 = Release|x64
		{BD924866-A76B-42F2-B1DD-B19A70D1789E}.Release|x86.ActiveCfg = Release|Win32
		{BD924866-A76B-42F2-B1DD-B19A70D1789E}.Release|x86.Build.0 = Release|Win32
	EndGlobalSection
	GlobalSection(SolutionProperties) = preSolution
		HideSolutionNode = FALSE
	EndGlobalSection
	GlobalSection(ExtensibilityGlobals) = postSolution
		SolutionGuid = {E4B2C130-9035-48F5-A05F-647DFB5A36BF}
	EndGlobalSection
EndGlobal
